
Microsoft Visual Studio Solution File, Format Version 12.00
# Visual Studio Version 17
VisualStudioVersion = 17.8.34316.72
MinimumVisualStudioVersion = 10.0.40219.1
Project("{9A19103F-16F7-4668-BE54-9A1E7A4F7556}") = "TJC.StateMachine", "TJC.StateMachine\TJC.StateMachine.csproj", "{0759E8E9-2315-4AC0-898A-A0896F4CB2A3}"
EndProject
Project("{9A19103F-16F7-4668-BE54-9A1E7A4F7556}") = "TJC.StateMachine.Tests", "TJC.StateMachine.Tests\TJC.StateMachine.Tests.csproj", "{2F309AA3-B442-467B-8B73-7AA31F5840F2}"
EndProject
Global
	GlobalSection(SolutionConfigurationPlatforms) = preSolution
		Debug|Any CPU = Debug|Any CPU
		Release|Any CPU = Release|Any CPU
	EndGlobalSection
	GlobalSection(ProjectConfigurationPlatforms) = postSolution
		{0759E8E9-2315-4AC0-898A-A0896F4CB2A3}.Debug|Any CPU.ActiveCfg = Debug|Any CPU
		{0759E8E9-2315-4AC0-898A-A0896F4CB2A3}.Debug|Any CPU.Build.0 = Debug|Any CPU
		{0759E8E9-2315-4AC0-898A-A0896F4CB2A3}.Release|Any CPU.ActiveCfg = Release|Any CPU
		{0759E8E9-2315-4AC0-898A-A0896F4CB2A3}.Release|Any CPU.Build.0 = Release|Any CPU
		{2F309AA3-B442-467B-8B73-7AA31F5840F2}.Debug|Any CPU.ActiveCfg = Debug|Any CPU
		{2F309AA3-B442-467B-8B73-7AA31F5840F2}.Debug|Any CPU.Build.0 = Debug|Any CPU
		{2F309AA3-B442-467B-8B73-7AA31F5840F2}.Release|Any CPU.ActiveCfg = Release|Any CPU
		{2F309AA3-B442-467B-8B73-7AA31F5840F2}.Release|Any CPU.Build.0 = Release|Any CPU
	EndGlobalSection
	GlobalSection(SolutionProperties) = preSolution
		HideSolutionNode = FALSE
	EndGlobalSection
	GlobalSection(ExtensibilityGlobals) = postSolution
		SolutionGuid = {55B3F5F4-C774-4815-8438-CD3E90055A85}
	EndGlobalSection
EndGlobal
